
Microsoft Visual Studio Solution File, Format Version 12.00
# Visual Studio Version 16
VisualStudioVersion = 16.0.29326.143
MinimumVisualStudioVersion = 10.0.40219.1
Project("{FAE04EC0-301F-11D3-BF4B-00C04F79EFBC}") = "Personal website", "Personal website\Personal website.csproj", "{F99292AA-C647-41B5-85F0-032206EFC784}"
EndProject
Global
	GlobalSection(SolutionConfigurationPlatforms) = preSolution
		Debug|Any CPU = Debug|Any CPU
		Release|Any CPU = Release|Any CPU
	EndGlobalSection
	GlobalSection(ProjectConfigurationPlatforms) = postSolution
		{F99292AA-C647-41B5-85F0-032206EFC784}.Debug|Any CPU.ActiveCfg = Debug|Any CPU
		{F99292AA-C647-41B5-85F0-032206EFC784}.Debug|Any CPU.Build.0 = Debug|Any CPU
		{F99292AA-C647-41B5-85F0-032206EFC784}.Release|Any CPU.ActiveCfg = Release|Any CPU
		{F99292AA-C647-41B5-85F0-032206EFC784}.Release|Any CPU.Build.0 = Release|Any CPU
	EndGlobalSection
	GlobalSection(SolutionProperties) = preSolution
		HideSolutionNode = FALSE
	EndGlobalSection
	GlobalSection(ExtensibilityGlobals) = postSolution
		SolutionGuid = {801CF9F6-B383-4ECC-BE1E-DCE7C009DF81}
	EndGlobalSection
EndGlobal
